// !$*UTF8*$!
{
	archiveVersion = 1;
	classes = {
	};
	objectVersion = 46;
	objects = {

/* Begin PBXBuildFile section */
		170215931C4B3D87005D719B /* StationTests.swift in Sources */ = {isa = PBXBuildFile; fileRef = 170215921C4B3D87005D719B /* StationTests.swift */; };
		170215961C4B418B005D719B /* stations.json in Resources */ = {isa = PBXBuildFile; fileRef = 170215951C4B418B005D719B /* stations.json */; };
		170215991C4B5B8A005D719B /* StationDateFormatter.swift in Sources */ = {isa = PBXBuildFile; fileRef = 170215981C4B5B8A005D719B /* StationDateFormatter.swift */; };
		1702159C1C4C2379005D719B /* BixletTestCase.swift in Sources */ = {isa = PBXBuildFile; fileRef = 1702159B1C4C2379005D719B /* BixletTestCase.swift */; };
		1702159F1C4C269E005D719B /* StationsParserTests.swift in Sources */ = {isa = PBXBuildFile; fileRef = 1702159E1C4C269E005D719B /* StationsParserTests.swift */; };
		170215A21C4C302C005D719B /* StationDateFormatterTests.swift in Sources */ = {isa = PBXBuildFile; fileRef = 170215A11C4C302C005D719B /* StationDateFormatterTests.swift */; };
		170215A41C4C7CD0005D719B /* MapKit.framework in Frameworks */ = {isa = PBXBuildFile; fileRef = 170215A31C4C7CD0005D719B /* MapKit.framework */; };
		1769FD671C433F6A00904644 /* AppDelegate.swift in Sources */ = {isa = PBXBuildFile; fileRef = 1769FD661C433F6A00904644 /* AppDelegate.swift */; };
		1769FD6E1C433F6A00904644 /* Assets.xcassets in Resources */ = {isa = PBXBuildFile; fileRef = 1769FD6D1C433F6A00904644 /* Assets.xcassets */; };
		1769FD711C433F6A00904644 /* LaunchScreen.storyboard in Resources */ = {isa = PBXBuildFile; fileRef = 1769FD6F1C433F6A00904644 /* LaunchScreen.storyboard */; };
		1769FD871C433F9C00904644 /* Bixlet.storyboard in Resources */ = {isa = PBXBuildFile; fileRef = 1769FD861C433F9C00904644 /* Bixlet.storyboard */; };
		1769FD8A1C4340AF00904644 /* Podfile in Resources */ = {isa = PBXBuildFile; fileRef = 1769FD891C4340AF00904644 /* Podfile */; };
		1769FD8D1C43428900904644 /* Station.swift in Sources */ = {isa = PBXBuildFile; fileRef = 1769FD8C1C43428900904644 /* Station.swift */; };
		17A23CD61C4742D500C8FF47 /* StationsParser.swift in Sources */ = {isa = PBXBuildFile; fileRef = 17A23CD51C4742D500C8FF47 /* StationsParser.swift */; };
		17A23CD81C475D5800C8FF47 /* ClientResult.swift in Sources */ = {isa = PBXBuildFile; fileRef = 17A23CD71C475D5800C8FF47 /* ClientResult.swift */; };
		17F4E5631C4760B4007B0A07 /* ClientError.swift in Sources */ = {isa = PBXBuildFile; fileRef = 17F4E5621C4760B4007B0A07 /* ClientError.swift */; };
		17FEEA431C44A9010049FE05 /* Client.swift in Sources */ = {isa = PBXBuildFile; fileRef = 17FEEA421C44A9010049FE05 /* Client.swift */; };
		6FB9A2140D85C686ED196EDB /* Pods.framework in Frameworks */ = {isa = PBXBuildFile; fileRef = 6E4BFBB600F92EC0FE428DFF /* Pods.framework */; };
/* End PBXBuildFile section */

/* Begin PBXContainerItemProxy section */
		1769FD781C433F6B00904644 /* PBXContainerItemProxy */ = {
			isa = PBXContainerItemProxy;
			containerPortal = 1769FD5B1C433F6A00904644 /* Project object */;
			proxyType = 1;
			remoteGlobalIDString = 1769FD621C433F6A00904644;
			remoteInfo = Bixlet;
		};
/* End PBXContainerItemProxy section */

/* Begin PBXFileReference section */
		0BCE5A729E1E12BDFF10CBDF /* Pods.debug.xcconfig */ = {isa = PBXFileReference; includeInIndex = 1; lastKnownFileType = text.xcconfig; name = Pods.debug.xcconfig; path = "Pods/Target Support Files/Pods/Pods.debug.xcconfig"; sourceTree = "<group>"; };
		170215921C4B3D87005D719B /* StationTests.swift */ = {isa = PBXFileReference; fileEncoding = 4; lastKnownFileType = sourcecode.swift; path = StationTests.swift; sourceTree = "<group>"; };
		170215951C4B418B005D719B /* stations.json */ = {isa = PBXFileReference; fileEncoding = 4; lastKnownFileType = text.json; path = stations.json; sourceTree = "<group>"; };
		170215981C4B5B8A005D719B /* StationDateFormatter.swift */ = {isa = PBXFileReference; fileEncoding = 4; lastKnownFileType = sourcecode.swift; path = StationDateFormatter.swift; sourceTree = "<group>"; };
		1702159B1C4C2379005D719B /* BixletTestCase.swift */ = {isa = PBXFileReference; fileEncoding = 4; lastKnownFileType = sourcecode.swift; path = BixletTestCase.swift; sourceTree = "<group>"; };
		1702159E1C4C269E005D719B /* StationsParserTests.swift */ = {isa = PBXFileReference; fileEncoding = 4; lastKnownFileType = sourcecode.swift; path = StationsParserTests.swift; sourceTree = "<group>"; };
		170215A11C4C302C005D719B /* StationDateFormatterTests.swift */ = {isa = PBXFileReference; fileEncoding = 4; lastKnownFileType = sourcecode.swift; path = StationDateFormatterTests.swift; sourceTree = "<group>"; };
		170215A31C4C7CD0005D719B /* MapKit.framework */ = {isa = PBXFileReference; lastKnownFileType = wrapper.framework; name = MapKit.framework; path = System/Library/Frameworks/MapKit.framework; sourceTree = SDKROOT; };
		1769FD631C433F6A00904644 /* Bixlet.app */ = {isa = PBXFileReference; explicitFileType = wrapper.application; includeInIndex = 0; path = Bixlet.app; sourceTree = BUILT_PRODUCTS_DIR; };
		1769FD661C433F6A00904644 /* AppDelegate.swift */ = {isa = PBXFileReference; lastKnownFileType = sourcecode.swift; path = AppDelegate.swift; sourceTree = "<group>"; };
		1769FD6D1C433F6A00904644 /* Assets.xcassets */ = {isa = PBXFileReference; lastKnownFileType = folder.assetcatalog; path = Assets.xcassets; sourceTree = "<group>"; };
		1769FD701C433F6A00904644 /* Base */ = {isa = PBXFileReference; lastKnownFileType = file.storyboard; name = Base; path = Base.lproj/LaunchScreen.storyboard; sourceTree = "<group>"; };
		1769FD721C433F6A00904644 /* Info.plist */ = {isa = PBXFileReference; lastKnownFileType = text.plist.xml; path = Info.plist; sourceTree = "<group>"; };
		1769FD771C433F6B00904644 /* BixletTests.xctest */ = {isa = PBXFileReference; explicitFileType = wrapper.cfbundle; includeInIndex = 0; path = BixletTests.xctest; sourceTree = BUILT_PRODUCTS_DIR; };
		1769FD7D1C433F6B00904644 /* Info.plist */ = {isa = PBXFileReference; lastKnownFileType = text.plist.xml; path = Info.plist; sourceTree = "<group>"; };
		1769FD861C433F9C00904644 /* Bixlet.storyboard */ = {isa = PBXFileReference; fileEncoding = 4; lastKnownFileType = file.storyboard; path = Bixlet.storyboard; sourceTree = "<group>"; };
		1769FD891C4340AF00904644 /* Podfile */ = {isa = PBXFileReference; fileEncoding = 4; lastKnownFileType = text; path = Podfile; sourceTree = "<group>"; };
		1769FD8C1C43428900904644 /* Station.swift */ = {isa = PBXFileReference; fileEncoding = 4; lastKnownFileType = sourcecode.swift; path = Station.swift; sourceTree = "<group>"; };
		17A23CD51C4742D500C8FF47 /* StationsParser.swift */ = {isa = PBXFileReference; fileEncoding = 4; lastKnownFileType = sourcecode.swift; path = StationsParser.swift; sourceTree = "<group>"; };
		17A23CD71C475D5800C8FF47 /* ClientResult.swift */ = {isa = PBXFileReference; fileEncoding = 4; lastKnownFileType = sourcecode.swift; path = ClientResult.swift; sourceTree = "<group>"; };
		17F4E5621C4760B4007B0A07 /* ClientError.swift */ = {isa = PBXFileReference; fileEncoding = 4; lastKnownFileType = sourcecode.swift; path = ClientError.swift; sourceTree = "<group>"; };
		17FEEA421C44A9010049FE05 /* Client.swift */ = {isa = PBXFileReference; fileEncoding = 4; lastKnownFileType = sourcecode.swift; path = Client.swift; sourceTree = "<group>"; };
		6E4BFBB600F92EC0FE428DFF /* Pods.framework */ = {isa = PBXFileReference; explicitFileType = wrapper.framework; includeInIndex = 0; path = Pods.framework; sourceTree = BUILT_PRODUCTS_DIR; };
		B1A3AF17FA44ACDF0D0D1467 /* Pods.release.xcconfig */ = {isa = PBXFileReference; includeInIndex = 1; lastKnownFileType = text.xcconfig; name = Pods.release.xcconfig; path = "Pods/Target Support Files/Pods/Pods.release.xcconfig"; sourceTree = "<group>"; };
/* End PBXFileReference section */

/* Begin PBXFrameworksBuildPhase section */
		1769FD601C433F6A00904644 /* Frameworks */ = {
			isa = PBXFrameworksBuildPhase;
			buildActionMask = 2147483647;
			files = (
				170215A41C4C7CD0005D719B /* MapKit.framework in Frameworks */,
				6FB9A2140D85C686ED196EDB /* Pods.framework in Frameworks */,
			);
			runOnlyForDeploymentPostprocessing = 0;
		};
		1769FD741C433F6B00904644 /* Frameworks */ = {
			isa = PBXFrameworksBuildPhase;
			buildActionMask = 2147483647;
			files = (
			);
			runOnlyForDeploymentPostprocessing = 0;
		};
/* End PBXFrameworksBuildPhase section */

/* Begin PBXGroup section */
		170215901C4A8E18005D719B /* App */ = {
			isa = PBXGroup;
			children = (
				170215A01C4C301E005D719B /* Formatters */,
				170215911C4B3D2A005D719B /* Models */,
				1702159D1C4C2690005D719B /* Parsers */,
				1769FD7D1C433F6B00904644 /* Info.plist */,
			);
			name = App;
			sourceTree = "<group>";
		};
		170215911C4B3D2A005D719B /* Models */ = {
			isa = PBXGroup;
			children = (
				170215921C4B3D87005D719B /* StationTests.swift */,
			);
			name = Models;
			sourceTree = "<group>";
		};
		170215941C4B417D005D719B /* Fixtures */ = {
			isa = PBXGroup;
			children = (
				170215951C4B418B005D719B /* stations.json */,
			);
			name = Fixtures;
			sourceTree = "<group>";
		};
		170215971C4B5B78005D719B /* Formatters */ = {
			isa = PBXGroup;
			children = (
				170215981C4B5B8A005D719B /* StationDateFormatter.swift */,
			);
			name = Formatters;
			sourceTree = "<group>";
		};
		1702159A1C4C236B005D719B /* Test Case */ = {
			isa = PBXGroup;
			children = (
				1702159B1C4C2379005D719B /* BixletTestCase.swift */,
			);
			name = "Test Case";
			sourceTree = "<group>";
		};
		1702159D1C4C2690005D719B /* Parsers */ = {
			isa = PBXGroup;
			children = (
				1702159E1C4C269E005D719B /* StationsParserTests.swift */,
			);
			name = Parsers;
			sourceTree = "<group>";
		};
		170215A01C4C301E005D719B /* Formatters */ = {
			isa = PBXGroup;
			children = (
				170215A11C4C302C005D719B /* StationDateFormatterTests.swift */,
			);
			name = Formatters;
			sourceTree = "<group>";
		};
		1769FD5A1C433F6A00904644 = {
			isa = PBXGroup;
			children = (
				1769FD891C4340AF00904644 /* Podfile */,
				1769FD651C433F6A00904644 /* Bixlet */,
				1769FD7A1C433F6B00904644 /* BixletTests */,
				1769FD641C433F6A00904644 /* Products */,
				631E3AF6652E60BF840F9A05 /* Pods */,
				53F95D33E177E690AADA0A9B /* Frameworks */,
			);
			sourceTree = "<group>";
		};
		1769FD641C433F6A00904644 /* Products */ = {
			isa = PBXGroup;
			children = (
				1769FD631C433F6A00904644 /* Bixlet.app */,
				1769FD771C433F6B00904644 /* BixletTests.xctest */,
			);
			name = Products;
			sourceTree = "<group>";
		};
		1769FD651C433F6A00904644 /* Bixlet */ = {
			isa = PBXGroup;
			children = (
				1769FD881C433FB100904644 /* App */,
			);
			path = Bixlet;
			sourceTree = "<group>";
		};
		1769FD7A1C433F6B00904644 /* BixletTests */ = {
			isa = PBXGroup;
			children = (
				170215941C4B417D005D719B /* Fixtures */,
				1702159A1C4C236B005D719B /* Test Case */,
				170215901C4A8E18005D719B /* App */,
			);
			path = BixletTests;
			sourceTree = "<group>";
		};
		1769FD881C433FB100904644 /* App */ = {
			isa = PBXGroup;
			children = (
				1769FD661C433F6A00904644 /* AppDelegate.swift */,
				1769FD861C433F9C00904644 /* Bixlet.storyboard */,
				1769FD6D1C433F6A00904644 /* Assets.xcassets */,
				1769FD6F1C433F6A00904644 /* LaunchScreen.storyboard */,
				1769FD721C433F6A00904644 /* Info.plist */,
				1769FD8E1C434BE400904644 /* Client */,
				170215971C4B5B78005D719B /* Formatters */,
				1769FD8B1C43421200904644 /* Models */,
				17A23CD41C4742A900C8FF47 /* Parsers */,
			);
			name = App;
			sourceTree = "<group>";
		};
		1769FD8B1C43421200904644 /* Models */ = {
			isa = PBXGroup;
			children = (
				1769FD8C1C43428900904644 /* Station.swift */,
			);
			name = Models;
			sourceTree = "<group>";
		};
		1769FD8E1C434BE400904644 /* Client */ = {
			isa = PBXGroup;
			children = (
				17FEEA421C44A9010049FE05 /* Client.swift */,
				17A23CD71C475D5800C8FF47 /* ClientResult.swift */,
				17F4E5621C4760B4007B0A07 /* ClientError.swift */,
			);
			name = Client;
			sourceTree = "<group>";
		};
		17A23CD41C4742A900C8FF47 /* Parsers */ = {
			isa = PBXGroup;
			children = (
				17A23CD51C4742D500C8FF47 /* StationsParser.swift */,
			);
			name = Parsers;
			sourceTree = "<group>";
		};
		53F95D33E177E690AADA0A9B /* Frameworks */ = {
			isa = PBXGroup;
			children = (
				170215A31C4C7CD0005D719B /* MapKit.framework */,
				6E4BFBB600F92EC0FE428DFF /* Pods.framework */,
			);
			name = Frameworks;
			sourceTree = "<group>";
		};
		631E3AF6652E60BF840F9A05 /* Pods */ = {
			isa = PBXGroup;
			children = (
				0BCE5A729E1E12BDFF10CBDF /* Pods.debug.xcconfig */,
				B1A3AF17FA44ACDF0D0D1467 /* Pods.release.xcconfig */,
			);
			name = Pods;
			sourceTree = "<group>";
		};
/* End PBXGroup section */

/* Begin PBXNativeTarget section */
		1769FD621C433F6A00904644 /* Bixlet */ = {
			isa = PBXNativeTarget;
			buildConfigurationList = 1769FD801C433F6B00904644 /* Build configuration list for PBXNativeTarget "Bixlet" */;
			buildPhases = (
				2872A5C30FFFE96D1ED7515F /* Check Pods Manifest.lock */,
				1769FD5F1C433F6A00904644 /* Sources */,
				1769FD601C433F6A00904644 /* Frameworks */,
				1769FD611C433F6A00904644 /* Resources */,
				F994525D6C0E2FE756548BAB /* Embed Pods Frameworks */,
				DBA91E1BB88DAF39F3C10909 /* Copy Pods Resources */,
			);
			buildRules = (
			);
			dependencies = (
			);
			name = Bixlet;
			productName = Bixlet;
			productReference = 1769FD631C433F6A00904644 /* Bixlet.app */;
			productType = "com.apple.product-type.application";
		};
		1769FD761C433F6B00904644 /* BixletTests */ = {
			isa = PBXNativeTarget;
			buildConfigurationList = 1769FD831C433F6B00904644 /* Build configuration list for PBXNativeTarget "BixletTests" */;
			buildPhases = (
				1769FD731C433F6B00904644 /* Sources */,
				1769FD741C433F6B00904644 /* Frameworks */,
				1769FD751C433F6B00904644 /* Resources */,
			);
			buildRules = (
			);
			dependencies = (
				1769FD791C433F6B00904644 /* PBXTargetDependency */,
			);
			name = BixletTests;
			productName = BixletTests;
			productReference = 1769FD771C433F6B00904644 /* BixletTests.xctest */;
			productType = "com.apple.product-type.bundle.unit-test";
		};
/* End PBXNativeTarget section */

/* Begin PBXProject section */
		1769FD5B1C433F6A00904644 /* Project object */ = {
			isa = PBXProject;
			attributes = {
				LastSwiftUpdateCheck = 0720;
				LastUpgradeCheck = 0720;
				ORGANIZATIONNAME = "Brian Gilham";
				TargetAttributes = {
					1769FD621C433F6A00904644 = {
						CreatedOnToolsVersion = 7.2;
						DevelopmentTeam = 9538FKS583;
						SystemCapabilities = {
							com.apple.Maps.iOS = {
								enabled = 1;
							};
						};
					};
					1769FD761C433F6B00904644 = {
						CreatedOnToolsVersion = 7.2;
						TestTargetID = 1769FD621C433F6A00904644;
					};
				};
			};
			buildConfigurationList = 1769FD5E1C433F6A00904644 /* Build configuration list for PBXProject "Bixlet" */;
			compatibilityVersion = "Xcode 3.2";
			developmentRegion = English;
			hasScannedForEncodings = 0;
			knownRegions = (
				en,
				Base,
			);
			mainGroup = 1769FD5A1C433F6A00904644;
			productRefGroup = 1769FD641C433F6A00904644 /* Products */;
			projectDirPath = "";
			projectRoot = "";
			targets = (
				1769FD621C433F6A00904644 /* Bixlet */,
				1769FD761C433F6B00904644 /* BixletTests */,
			);
		};
/* End PBXProject section */

/* Begin PBXResourcesBuildPhase section */
		1769FD611C433F6A00904644 /* Resources */ = {
			isa = PBXResourcesBuildPhase;
			buildActionMask = 2147483647;
			files = (
				1769FD711C433F6A00904644 /* LaunchScreen.storyboard in Resources */,
				1769FD871C433F9C00904644 /* Bixlet.storyboard in Resources */,
				1769FD8A1C4340AF00904644 /* Podfile in Resources */,
				1769FD6E1C433F6A00904644 /* Assets.xcassets in Resources */,
			);
			runOnlyForDeploymentPostprocessing = 0;
		};
		1769FD751C433F6B00904644 /* Resources */ = {
			isa = PBXResourcesBuildPhase;
			buildActionMask = 2147483647;
			files = (
				170215961C4B418B005D719B /* stations.json in Resources */,
			);
			runOnlyForDeploymentPostprocessing = 0;
		};
/* End PBXResourcesBuildPhase section */

/* Begin PBXShellScriptBuildPhase section */
		2872A5C30FFFE96D1ED7515F /* Check Pods Manifest.lock */ = {
			isa = PBXShellScriptBuildPhase;
			buildActionMask = 2147483647;
			files = (
			);
			inputPaths = (
			);
			name = "Check Pods Manifest.lock";
			outputPaths = (
			);
			runOnlyForDeploymentPostprocessing = 0;
			shellPath = /bin/sh;
			shellScript = "diff \"${PODS_ROOT}/../Podfile.lock\" \"${PODS_ROOT}/Manifest.lock\" > /dev/null\nif [[ $? != 0 ]] ; then\n    cat << EOM\nerror: The sandbox is not in sync with the Podfile.lock. Run 'pod install' or update your CocoaPods installation.\nEOM\n    exit 1\nfi\n";
			showEnvVarsInLog = 0;
		};
		DBA91E1BB88DAF39F3C10909 /* Copy Pods Resources */ = {
			isa = PBXShellScriptBuildPhase;
			buildActionMask = 2147483647;
			files = (
			);
			inputPaths = (
			);
			name = "Copy Pods Resources";
			outputPaths = (
			);
			runOnlyForDeploymentPostprocessing = 0;
			shellPath = /bin/sh;
			shellScript = "\"${SRCROOT}/Pods/Target Support Files/Pods/Pods-resources.sh\"\n";
			showEnvVarsInLog = 0;
		};
		F994525D6C0E2FE756548BAB /* Embed Pods Frameworks */ = {
			isa = PBXShellScriptBuildPhase;
			buildActionMask = 2147483647;
			files = (
			);
			inputPaths = (
			);
			name = "Embed Pods Frameworks";
			outputPaths = (
			);
			runOnlyForDeploymentPostprocessing = 0;
			shellPath = /bin/sh;
			shellScript = "\"${SRCROOT}/Pods/Target Support Files/Pods/Pods-frameworks.sh\"\n";
			showEnvVarsInLog = 0;
		};
/* End PBXShellScriptBuildPhase section */

/* Begin PBXSourcesBuildPhase section */
		1769FD5F1C433F6A00904644 /* Sources */ = {
			isa = PBXSourcesBuildPhase;
			buildActionMask = 2147483647;
			files = (
				1769FD8D1C43428900904644 /* Station.swift in Sources */,
				170215991C4B5B8A005D719B /* StationDateFormatter.swift in Sources */,
				17A23CD61C4742D500C8FF47 /* StationsParser.swift in Sources */,
				1769FD671C433F6A00904644 /* AppDelegate.swift in Sources */,
				17F4E5631C4760B4007B0A07 /* ClientError.swift in Sources */,
				17FEEA431C44A9010049FE05 /* Client.swift in Sources */,
				17A23CD81C475D5800C8FF47 /* ClientResult.swift in Sources */,
			);
			runOnlyForDeploymentPostprocessing = 0;
		};
		1769FD731C433F6B00904644 /* Sources */ = {
			isa = PBXSourcesBuildPhase;
			buildActionMask = 2147483647;
			files = (
				1702159F1C4C269E005D719B /* StationsParserTests.swift in Sources */,
				170215A21C4C302C005D719B /* StationDateFormatterTests.swift in Sources */,
				170215931C4B3D87005D719B /* StationTests.swift in Sources */,
				1702159C1C4C2379005D719B /* BixletTestCase.swift in Sources */,
			);
			runOnlyForDeploymentPostprocessing = 0;
		};
/* End PBXSourcesBuildPhase section */

/* Begin PBXTargetDependency section */
		1769FD791C433F6B00904644 /* PBXTargetDependency */ = {
			isa = PBXTargetDependency;
			target = 1769FD621C433F6A00904644 /* Bixlet */;
			targetProxy = 1769FD781C433F6B00904644 /* PBXContainerItemProxy */;
		};
/* End PBXTargetDependency section */

/* Begin PBXVariantGroup section */
		1769FD6F1C433F6A00904644 /* LaunchScreen.storyboard */ = {
			isa = PBXVariantGroup;
			children = (
				1769FD701C433F6A00904644 /* Base */,
			);
			name = LaunchScreen.storyboard;
			sourceTree = "<group>";
		};
/* End PBXVariantGroup section */

/* Begin XCBuildConfiguration section */
		1769FD7E1C433F6B00904644 /* Debug */ = {
			isa = XCBuildConfiguration;
			buildSettings = {
				ALWAYS_SEARCH_USER_PATHS = NO;
				CLANG_CXX_LANGUAGE_STANDARD = "gnu++0x";
				CLANG_CXX_LIBRARY = "libc++";
				CLANG_ENABLE_MODULES = YES;
				CLANG_ENABLE_OBJC_ARC = YES;
				CLANG_WARN_BOOL_CONVERSION = YES;
				CLANG_WARN_CONSTANT_CONVERSION = YES;
				CLANG_WARN_DIRECT_OBJC_ISA_USAGE = YES_ERROR;
				CLANG_WARN_EMPTY_BODY = YES;
				CLANG_WARN_ENUM_CONVERSION = YES;
				CLANG_WARN_INT_CONVERSION = YES;
				CLANG_WARN_OBJC_ROOT_CLASS = YES_ERROR;
				CLANG_WARN_UNREACHABLE_CODE = YES;
				CLANG_WARN__DUPLICATE_METHOD_MATCH = YES;
				"CODE_SIGN_IDENTITY[sdk=iphoneos*]" = "iPhone Developer";
				COPY_PHASE_STRIP = NO;
				DEBUG_INFORMATION_FORMAT = dwarf;
				ENABLE_STRICT_OBJC_MSGSEND = YES;
				ENABLE_TESTABILITY = YES;
				GCC_C_LANGUAGE_STANDARD = gnu99;
				GCC_DYNAMIC_NO_PIC = NO;
				GCC_NO_COMMON_BLOCKS = YES;
				GCC_OPTIMIZATION_LEVEL = 0;
				GCC_PREPROCESSOR_DEFINITIONS = (
					"DEBUG=1",
					"$(inherited)",
				);
				GCC_WARN_64_TO_32_BIT_CONVERSION = YES;
				GCC_WARN_ABOUT_RETURN_TYPE = YES_ERROR;
				GCC_WARN_UNDECLARED_SELECTOR = YES;
				GCC_WARN_UNINITIALIZED_AUTOS = YES_AGGRESSIVE;
				GCC_WARN_UNUSED_FUNCTION = YES;
				GCC_WARN_UNUSED_VARIABLE = YES;
				IPHONEOS_DEPLOYMENT_TARGET = 9.2;
				MTL_ENABLE_DEBUG_INFO = YES;
				ONLY_ACTIVE_ARCH = YES;
				SDKROOT = iphoneos;
				SWIFT_OPTIMIZATION_LEVEL = "-Onone";
			};
			name = Debug;
		};
		1769FD7F1C433F6B00904644 /* Release */ = {
			isa = XCBuildConfiguration;
			buildSettings = {
				ALWAYS_SEARCH_USER_PATHS = NO;
				CLANG_CXX_LANGUAGE_STANDARD = "gnu++0x";
				CLANG_CXX_LIBRARY = "libc++";
				CLANG_ENABLE_MODULES = YES;
				CLANG_ENABLE_OBJC_ARC = YES;
				CLANG_WARN_BOOL_CONVERSION = YES;
				CLANG_WARN_CONSTANT_CONVERSION = YES;
				CLANG_WARN_DIRECT_OBJC_ISA_USAGE = YES_ERROR;
				CLANG_WARN_EMPTY_BODY = YES;
				CLANG_WARN_ENUM_CONVERSION = YES;
				CLANG_WARN_INT_CONVERSION = YES;
				CLANG_WARN_OBJC_ROOT_CLASS = YES_ERROR;
				CLANG_WARN_UNREACHABLE_CODE = YES;
				CLANG_WARN__DUPLICATE_METHOD_MATCH = YES;
				"CODE_SIGN_IDENTITY[sdk=iphoneos*]" = "iPhone Developer";
				COPY_PHASE_STRIP = NO;
				DEBUG_INFORMATION_FORMAT = "dwarf-with-dsym";
				ENABLE_NS_ASSERTIONS = NO;
				ENABLE_STRICT_OBJC_MSGSEND = YES;
				GCC_C_LANGUAGE_STANDARD = gnu99;
				GCC_NO_COMMON_BLOCKS = YES;
				GCC_WARN_64_TO_32_BIT_CONVERSION = YES;
				GCC_WARN_ABOUT_RETURN_TYPE = YES_ERROR;
				GCC_WARN_UNDECLARED_SELECTOR = YES;
				GCC_WARN_UNINITIALIZED_AUTOS = YES_AGGRESSIVE;
				GCC_WARN_UNUSED_FUNCTION = YES;
				GCC_WARN_UNUSED_VARIABLE = YES;
				IPHONEOS_DEPLOYMENT_TARGET = 9.2;
				MTL_ENABLE_DEBUG_INFO = NO;
				SDKROOT = iphoneos;
				VALIDATE_PRODUCT = YES;
			};
			name = Release;
		};
		1769FD811C433F6B00904644 /* Debug */ = {
			isa = XCBuildConfiguration;
			baseConfigurationReference = 0BCE5A729E1E12BDFF10CBDF /* Pods.debug.xcconfig */;
			buildSettings = {
				ASSETCATALOG_COMPILER_APPICON_NAME = AppIcon;
				CODE_SIGN_IDENTITY = "iPhone Developer";
				INFOPLIST_FILE = Bixlet/Info.plist;
				IPHONEOS_DEPLOYMENT_TARGET = 9.2;
				LD_RUNPATH_SEARCH_PATHS = "$(inherited) @executable_path/Frameworks";
				PRODUCT_BUNDLE_IDENTIFIER = com.briangilham.Bixlet;
				PRODUCT_NAME = "$(TARGET_NAME)";
			};
			name = Debug;
		};
		1769FD821C433F6B00904644 /* Release */ = {
			isa = XCBuildConfiguration;
			baseConfigurationReference = B1A3AF17FA44ACDF0D0D1467 /* Pods.release.xcconfig */;
			buildSettings = {
				ASSETCATALOG_COMPILER_APPICON_NAME = AppIcon;
				CODE_SIGN_IDENTITY = "iPhone Developer";
				INFOPLIST_FILE = Bixlet/Info.plist;
				IPHONEOS_DEPLOYMENT_TARGET = 9.2;
				LD_RUNPATH_SEARCH_PATHS = "$(inherited) @executable_path/Frameworks";
				PRODUCT_BUNDLE_IDENTIFIER = com.briangilham.Bixlet;
				PRODUCT_NAME = "$(TARGET_NAME)";
			};
			name = Release;
		};
		1769FD841C433F6B00904644 /* Debug */ = {
			isa = XCBuildConfiguration;
			buildSettings = {
				BUNDLE_LOADER = "$(TEST_HOST)";
				CLANG_ENABLE_MODULES = YES;
				INFOPLIST_FILE = BixletTests/Info.plist;
				LD_RUNPATH_SEARCH_PATHS = "$(inherited) @executable_path/Frameworks @loader_path/Frameworks";
				PRODUCT_BUNDLE_IDENTIFIER = com.briangilham.BixletTests;
				PRODUCT_NAME = "$(TARGET_NAME)";
				SWIFT_OPTIMIZATION_LEVEL = "-Onone";
				TEST_HOST = "$(BUILT_PRODUCTS_DIR)/Bixlet.app/Bixlet";
			};
			name = Debug;
		};
		1769FD851C433F6B00904644 /* Release */ = {
			isa = XCBuildConfiguration;
			buildSettings = {
				BUNDLE_LOADER = "$(TEST_HOST)";
				CLANG_ENABLE_MODULES = YES;
				INFOPLIST_FILE = BixletTests/Info.plist;
				LD_RUNPATH_SEARCH_PATHS = "$(inherited) @executable_path/Frameworks @loader_path/Frameworks";
				PRODUCT_BUNDLE_IDENTIFIER = com.briangilham.BixletTests;
				PRODUCT_NAME = "$(TARGET_NAME)";
				TEST_HOST = "$(BUILT_PRODUCTS_DIR)/Bixlet.app/Bixlet";
			};
			name = Release;
		};
/* End XCBuildConfiguration section */

/* Begin XCConfigurationList section */
		1769FD5E1C433F6A00904644 /* Build configuration list for PBXProject "Bixlet" */ = {
			isa = XCConfigurationList;
			buildConfigurations = (
				1769FD7E1C433F6B00904644 /* Debug */,
				1769FD7F1C433F6B00904644 /* Release */,
			);
			defaultConfigurationIsVisible = 0;
			defaultConfigurationName = Release;
		};
		1769FD801C433F6B00904644 /* Build configuration list for PBXNativeTarget "Bixlet" */ = {
			isa = XCConfigurationList;
			buildConfigurations = (
				1769FD811C433F6B00904644 /* Debug */,
				1769FD821C433F6B00904644 /* Release */,
			);
			defaultConfigurationIsVisible = 0;
			defaultConfigurationName = Release;
		};
		1769FD831C433F6B00904644 /* Build configuration list for PBXNativeTarget "BixletTests" */ = {
			isa = XCConfigurationList;
			buildConfigurations = (
				1769FD841C433F6B00904644 /* Debug */,
				1769FD851C433F6B00904644 /* Release */,
			);
			defaultConfigurationIsVisible = 0;
			defaultConfigurationName = Release;
		};
/* End XCConfigurationList section */
	};
	rootObject = 1769FD5B1C433F6A00904644 /* Project object */;
}
